
Microsoft Visual Studio Solution File, Format Version 12.00
# Visual Studio Version 16
VisualStudioVersion = 16.0.31624.102
MinimumVisualStudioVersion = 10.0.40219.1
Project("{9A19103F-16F7-4668-BE54-9A1E7A4F7556}") = "Entity", "src\Entity\Entity.csproj", "{F66F7520-D6E0-4CC7-A416-10071B58B29B}"
EndProject
Project("{9A19103F-16F7-4668-BE54-9A1E7A4F7556}") = "Buisness", "src\Buisness\Buisness.csproj", "{693886D2-55BC-4732-A4DB-CF9C0E5FF970}"
EndProject
Project("{9A19103F-16F7-4668-BE54-9A1E7A4F7556}") = "DataAccess", "src\DataAccess\DataAccess.csproj", "{98D6C245-B983-47FA-A4F5-90DB5851CC13}"
EndProject
Project("{9A19103F-16F7-4668-BE54-9A1E7A4F7556}") = "Core", "src\Core\Core.csproj", "{18FB4047-2F67-400D-A310-8BF2A4C96C6B}"
EndProject
Project("{FAE04EC0-301F-11D3-BF4B-00C04F79EFBC}") = "WebAPI", "src\WebAPI\WebAPI.csproj", "{074D173B-490B-4014-8353-FE66DF93DD5F}"
EndProject
Global
	GlobalSection(SolutionConfigurationPlatforms) = preSolution
		Debug|Any CPU = Debug|Any CPU
		Release|Any CPU = Release|Any CPU
	EndGlobalSection
	GlobalSection(ProjectConfigurationPlatforms) = postSolution
		{F66F7520-D6E0-4CC7-A416-10071B58B29B}.Debug|Any CPU.ActiveCfg = Debug|Any CPU
		{F66F7520-D6E0-4CC7-A416-10071B58B29B}.Debug|Any CPU.Build.0 = Debug|Any CPU
		{F66F7520-D6E0-4CC7-A416-10071B58B29B}.Release|Any CPU.ActiveCfg = Release|Any CPU
		{F66F7520-D6E0-4CC7-A416-10071B58B29B}.Release|Any CPU.Build.0 = Release|Any CPU
		{693886D2-55BC-4732-A4DB-CF9C0E5FF970}.Debug|Any CPU.ActiveCfg = Debug|Any CPU
		{693886D2-55BC-4732-A4DB-CF9C0E5FF970}.Debug|Any CPU.Build.0 = Debug|Any CPU
		{693886D2-55BC-4732-A4DB-CF9C0E5FF970}.Release|Any CPU.ActiveCfg = Release|Any CPU
		{693886D2-55BC-4732-A4DB-CF9C0E5FF970}.Release|Any CPU.Build.0 = Release|Any CPU
		{98D6C245-B983-47FA-A4F5-90DB5851CC13}.Debug|Any CPU.ActiveCfg = Debug|Any CPU
		{98D6C245-B983-47FA-A4F5-90DB5851CC13}.Debug|Any CPU.Build.0 = Debug|Any CPU
		{98D6C245-B983-47FA-A4F5-90DB5851CC13}.Release|Any CPU.ActiveCfg = Release|Any CPU
		{98D6C245-B983-47FA-A4F5-90DB5851CC13}.Release|Any CPU.Build.0 = Release|Any CPU
		{18FB4047-2F67-400D-A310-8BF2A4C96C6B}.Debug|Any CPU.ActiveCfg = Debug|Any CPU
		{18FB4047-2F67-400D-A310-8BF2A4C96C6B}.Debug|Any CPU.Build.0 = Debug|Any CPU
		{18FB4047-2F67-400D-A310-8BF2A4C96C6B}.Release|Any CPU.ActiveCfg = Release|Any CPU
		{18FB4047-2F67-400D-A310-8BF2A4C96C6B}.Release|Any CPU.Build.0 = Release|Any CPU
		{074D173B-490B-4014-8353-FE66DF93DD5F}.Debug|Any CPU.ActiveCfg = Debug|Any CPU
		{074D173B-490B-4014-8353-FE66DF93DD5F}.Debug|Any CPU.Build.0 = Debug|Any CPU
		{074D173B-490B-4014-8353-FE66DF93DD5F}.Release|Any CPU.ActiveCfg = Release|Any CPU
		{074D173B-490B-4014-8353-FE66DF93DD5F}.Release|Any CPU.Build.0 = Release|Any CPU
	EndGlobalSection
	GlobalSection(SolutionProperties) = preSolution
		HideSolutionNode = FALSE
	EndGlobalSection
	GlobalSection(ExtensibilityGlobals) = postSolution
		SolutionGuid = {EAED2511-B790-4494-AA0B-DEB30128F5D9}
	EndGlobalSection
EndGlobal
